
Microsoft Visual Studio Solution File, Format Version 12.00
Project("{FAE04EC0-301F-11D3-BF4B-00C04F79EFBC}") = "Celulares", "Celulares\Celulares.csproj", "{88B7FF0A-92AE-4262-961E-360AB471BD32}"
EndProject
Global
	GlobalSection(SolutionConfigurationPlatforms) = preSolution
		Debug|Any CPU = Debug|Any CPU
		Release|Any CPU = Release|Any CPU
	EndGlobalSection
	GlobalSection(ProjectConfigurationPlatforms) = postSolution
		{88B7FF0A-92AE-4262-961E-360AB471BD32}.Debug|Any CPU.ActiveCfg = Debug|Any CPU
		{88B7FF0A-92AE-4262-961E-360AB471BD32}.Debug|Any CPU.Build.0 = Debug|Any CPU
		{88B7FF0A-92AE-4262-961E-360AB471BD32}.Release|Any CPU.ActiveCfg = Release|Any CPU
		{88B7FF0A-92AE-4262-961E-360AB471BD32}.Release|Any CPU.Build.0 = Release|Any CPU
	EndGlobalSection
EndGlobal
