
Microsoft Visual Studio Solution File, Format Version 12.00
Project("{FAE04EC0-301F-11D3-BF4B-00C04F79EFBC}") = "conexion_sp", "conexion_sp\conexion_sp.csproj", "{310D9A8D-C813-45F4-9E29-B855533783A3}"
EndProject
Global
	GlobalSection(SolutionConfigurationPlatforms) = preSolution
		Debug|Any CPU = Debug|Any CPU
		Release|Any CPU = Release|Any CPU
	EndGlobalSection
	GlobalSection(ProjectConfigurationPlatforms) = postSolution
		{310D9A8D-C813-45F4-9E29-B855533783A3}.Debug|Any CPU.ActiveCfg = Debug|Any CPU
		{310D9A8D-C813-45F4-9E29-B855533783A3}.Debug|Any CPU.Build.0 = Debug|Any CPU
		{310D9A8D-C813-45F4-9E29-B855533783A3}.Release|Any CPU.ActiveCfg = Release|Any CPU
		{310D9A8D-C813-45F4-9E29-B855533783A3}.Release|Any CPU.Build.0 = Release|Any CPU
	EndGlobalSection
EndGlobal
